
Microsoft Visual Studio Solution File, Format Version 12.00
# Visual Studio Version 16
VisualStudioVersion = 16.0.31702.278
MinimumVisualStudioVersion = 10.0.40219.1
Project("{FAE04EC0-301F-11D3-BF4B-00C04F79EFBC}") = "targil0", "targil0\targil0.csproj", "{D6DCD4D9-CBB6-4F43-AD1C-6002F6F40696}"
EndProject
Global
	GlobalSection(SolutionConfigurationPlatforms) = preSolution
		Debug|Any CPU = Debug|Any CPU
		Release|Any CPU = Release|Any CPU
	EndGlobalSection
	GlobalSection(ProjectConfigurationPlatforms) = postSolution
		{D6DCD4D9-CBB6-4F43-AD1C-6002F6F40696}.Debug|Any CPU.ActiveCfg = Debug|Any CPU
		{D6DCD4D9-CBB6-4F43-AD1C-6002F6F40696}.Debug|Any CPU.Build.0 = Debug|Any CPU
		{D6DCD4D9-CBB6-4F43-AD1C-6002F6F40696}.Release|Any CPU.ActiveCfg = Release|Any CPU
		{D6DCD4D9-CBB6-4F43-AD1C-6002F6F40696}.Release|Any CPU.Build.0 = Release|Any CPU
	EndGlobalSection
	GlobalSection(SolutionProperties) = preSolution
		HideSolutionNode = FALSE
	EndGlobalSection
	GlobalSection(ExtensibilityGlobals) = postSolution
		SolutionGuid = {8638D01C-9418-49FC-BA87-7B15F0DF202C}
	EndGlobalSection
EndGlobal
