
Microsoft Visual Studio Solution File, Format Version 12.00
# Visual Studio Version 16
VisualStudioVersion = 16.0.31702.278
MinimumVisualStudioVersion = 10.0.40219.1
Project("{9A19103F-16F7-4668-BE54-9A1E7A4F7556}") = "targil0", "targil0\targil0.csproj", "{D6DCD4D9-CBB6-4F43-AD1C-6002F6F40696}"
EndProject
Project("{2150E333-8FDC-42A3-9474-1A3956D46DE8}") = "Solution Items", "Solution Items", "{561BDC70-86F9-48A3-8CDC-225A71E6B805}"
	ProjectSection(SolutionItems) = preProject
		README.md = README.md
	EndProjectSection
EndProject
Global
	GlobalSection(SolutionConfigurationPlatforms) = preSolution
		Debug|Any CPU = Debug|Any CPU
		Release|Any CPU = Release|Any CPU
	EndGlobalSection
	GlobalSection(ProjectConfigurationPlatforms) = postSolution
		{D6DCD4D9-CBB6-4F43-AD1C-6002F6F40696}.Debug|Any CPU.ActiveCfg = Debug|Any CPU
		{D6DCD4D9-CBB6-4F43-AD1C-6002F6F40696}.Debug|Any CPU.Build.0 = Debug|Any CPU
		{D6DCD4D9-CBB6-4F43-AD1C-6002F6F40696}.Release|Any CPU.ActiveCfg = Release|Any CPU
		{D6DCD4D9-CBB6-4F43-AD1C-6002F6F40696}.Release|Any CPU.Build.0 = Release|Any CPU
	EndGlobalSection
	GlobalSection(SolutionProperties) = preSolution
		HideSolutionNode = FALSE
	EndGlobalSection
	GlobalSection(ExtensibilityGlobals) = postSolution
		SolutionGuid = {8638D01C-9418-49FC-BA87-7B15F0DF202C}
	EndGlobalSection
EndGlobal
