
Microsoft Visual Studio Solution File, Format Version 12.00
# Visual Studio Version 16
VisualStudioVersion = 16.0.31702.278
MinimumVisualStudioVersion = 10.0.40219.1
Project("{9A19103F-16F7-4668-BE54-9A1E7A4F7556}") = "targil0", "targil0\targil0.csproj", "{D6DCD4D9-CBB6-4F43-AD1C-6002F6F40696}"
EndProject
Project("{2150E333-8FDC-42A3-9474-1A3956D46DE8}") = "Solution Items", "Solution Items", "{496599CD-6BF3-437E-B27E-67B5E17DBE64}"
	ProjectSection(SolutionItems) = preProject
		README.md = README.md
	EndProjectSection
EndProject
Project("{9A19103F-16F7-4668-BE54-9A1E7A4F7556}") = "ConsoleUI", "ConsoleUI\ConsoleUI.csproj", "{0B18305F-6AD0-4C1E-85B3-284BEAB1BC85}"
EndProject
Project("{9A19103F-16F7-4668-BE54-9A1E7A4F7556}") = "DAL", "DAL\DAL.csproj", "{1490B269-1767-4D82-9C5B-BA7BC57D91A9}"
EndProject
Project("{9A19103F-16F7-4668-BE54-9A1E7A4F7556}") = "BL", "BL\BL.csproj", "{63D65CB1-F63D-45BC-9CAC-C6DE4A91FD2D}"
EndProject
Project("{9A19103F-16F7-4668-BE54-9A1E7A4F7556}") = "ConsoleUiBL", "ConsoleUi_BL\ConsoleUiBL.csproj", "{6D3E3EED-CA67-4CD5-A146-63C36266A6C5}"
EndProject
Project("{FAE04EC0-301F-11D3-BF4B-00C04F79EFBC}") = "PL", "PL\PL.csproj", "{EA4C0466-5BFD-4F43-AD96-7BDB09C8D5BD}"
EndProject
Global
	GlobalSection(SolutionConfigurationPlatforms) = preSolution
		Debug|Any CPU = Debug|Any CPU
		Release|Any CPU = Release|Any CPU
	EndGlobalSection
	GlobalSection(ProjectConfigurationPlatforms) = postSolution
		{D6DCD4D9-CBB6-4F43-AD1C-6002F6F40696}.Debug|Any CPU.ActiveCfg = Debug|Any CPU
		{D6DCD4D9-CBB6-4F43-AD1C-6002F6F40696}.Debug|Any CPU.Build.0 = Debug|Any CPU
		{D6DCD4D9-CBB6-4F43-AD1C-6002F6F40696}.Release|Any CPU.ActiveCfg = Release|Any CPU
		{D6DCD4D9-CBB6-4F43-AD1C-6002F6F40696}.Release|Any CPU.Build.0 = Release|Any CPU
		{0B18305F-6AD0-4C1E-85B3-284BEAB1BC85}.Debug|Any CPU.ActiveCfg = Debug|Any CPU
		{0B18305F-6AD0-4C1E-85B3-284BEAB1BC85}.Debug|Any CPU.Build.0 = Debug|Any CPU
		{0B18305F-6AD0-4C1E-85B3-284BEAB1BC85}.Release|Any CPU.ActiveCfg = Release|Any CPU
		{0B18305F-6AD0-4C1E-85B3-284BEAB1BC85}.Release|Any CPU.Build.0 = Release|Any CPU
		{1490B269-1767-4D82-9C5B-BA7BC57D91A9}.Debug|Any CPU.ActiveCfg = Debug|Any CPU
		{1490B269-1767-4D82-9C5B-BA7BC57D91A9}.Debug|Any CPU.Build.0 = Debug|Any CPU
		{1490B269-1767-4D82-9C5B-BA7BC57D91A9}.Release|Any CPU.ActiveCfg = Release|Any CPU
		{1490B269-1767-4D82-9C5B-BA7BC57D91A9}.Release|Any CPU.Build.0 = Release|Any CPU
		{63D65CB1-F63D-45BC-9CAC-C6DE4A91FD2D}.Debug|Any CPU.ActiveCfg = Debug|Any CPU
		{63D65CB1-F63D-45BC-9CAC-C6DE4A91FD2D}.Debug|Any CPU.Build.0 = Debug|Any CPU
		{63D65CB1-F63D-45BC-9CAC-C6DE4A91FD2D}.Release|Any CPU.ActiveCfg = Release|Any CPU
		{63D65CB1-F63D-45BC-9CAC-C6DE4A91FD2D}.Release|Any CPU.Build.0 = Release|Any CPU
		{6D3E3EED-CA67-4CD5-A146-63C36266A6C5}.Debug|Any CPU.ActiveCfg = Debug|Any CPU
		{6D3E3EED-CA67-4CD5-A146-63C36266A6C5}.Debug|Any CPU.Build.0 = Debug|Any CPU
		{6D3E3EED-CA67-4CD5-A146-63C36266A6C5}.Release|Any CPU.ActiveCfg = Release|Any CPU
		{6D3E3EED-CA67-4CD5-A146-63C36266A6C5}.Release|Any CPU.Build.0 = Release|Any CPU
		{EA4C0466-5BFD-4F43-AD96-7BDB09C8D5BD}.Debug|Any CPU.ActiveCfg = Debug|Any CPU
		{EA4C0466-5BFD-4F43-AD96-7BDB09C8D5BD}.Debug|Any CPU.Build.0 = Debug|Any CPU
		{EA4C0466-5BFD-4F43-AD96-7BDB09C8D5BD}.Release|Any CPU.ActiveCfg = Release|Any CPU
		{EA4C0466-5BFD-4F43-AD96-7BDB09C8D5BD}.Release|Any CPU.Build.0 = Release|Any CPU
	EndGlobalSection
	GlobalSection(SolutionProperties) = preSolution
		HideSolutionNode = FALSE
	EndGlobalSection
	GlobalSection(ExtensibilityGlobals) = postSolution
		SolutionGuid = {8638D01C-9418-49FC-BA87-7B15F0DF202C}
	EndGlobalSection
EndGlobal
